
Microsoft Visual Studio Solution File, Format Version 12.00
# Visual Studio 15
VisualStudioVersion = 15.0.27130.2020
MinimumVisualStudioVersion = 10.0.40219.1
Project("{FAE04EC0-301F-11D3-BF4B-00C04F79EFBC}") = "BoxBasisWF", "BoxBasisWF\BoxBasisWF.csproj", "{10BC018C-DB47-4513-BC75-D4AE5FCEE045}"
EndProject
Global
	GlobalSection(SolutionConfigurationPlatforms) = preSolution
		Debug|Any CPU = Debug|Any CPU
		Release|Any CPU = Release|Any CPU
	EndGlobalSection
	GlobalSection(ProjectConfigurationPlatforms) = postSolution
		{10BC018C-DB47-4513-BC75-D4AE5FCEE045}.Debug|Any CPU.ActiveCfg = Debug|Any CPU
		{10BC018C-DB47-4513-BC75-D4AE5FCEE045}.Debug|Any CPU.Build.0 = Debug|Any CPU
		{10BC018C-DB47-4513-BC75-D4AE5FCEE045}.Release|Any CPU.ActiveCfg = Release|Any CPU
		{10BC018C-DB47-4513-BC75-D4AE5FCEE045}.Release|Any CPU.Build.0 = Release|Any CPU
	EndGlobalSection
	GlobalSection(SolutionProperties) = preSolution
		HideSolutionNode = FALSE
	EndGlobalSection
	GlobalSection(ExtensibilityGlobals) = postSolution
		SolutionGuid = {578762B5-E843-4888-AD01-86695AF21890}
	EndGlobalSection
EndGlobal
